 24c60e243580c7868f4334a1ba3123481fe1aa48 components/bootloader/subproject/components/micro-ecc/micro-ecc (24c60e2)
 98c6de2d5411a7297dbba00387dfca2bcc44fd18 components/bt/controller/lib_esp32 (98c6de2)
 6a5c0b8bfca1a2e984e89431b8ebf9b521dad5ea components/bt/controller/lib_esp32c2/esp32c2-bt-lib (heads/main)
 0a08c4b32f3666003080b662a1a61794da24ff0f components/bt/controller/lib_esp32c3_family (heads/master)
 ac7885ea2fc76e56a814d10120812ccacf101f0b components/bt/controller/lib_esp32c5/esp32c5-bt-lib (ac7885e)
 eee922eaa95770d567f0939cc3d56c712a6ecf65 components/bt/controller/lib_esp32c6/esp32c6-bt-lib (eee922e)
 e0bb64a28b90247a349fbfc03a204df9194e40a1 components/bt/controller/lib_esp32h2/esp32h2-bt-lib (e0bb64a)
 f4ce5d581a264fb5bf4c1b6ed473c45ad91f9db7 components/bt/controller/lib_esp32h4/esp32h4-bt-lib (f4ce5d5)
 7f20740dd66ee774ffce5db0b55507892551aa31 components/bt/controller/lib_esp32s31/esp32s31-bt-lib (7f20740)
 8af29109827eb9e3bc636b2a1ae6596fdfacaf4a components/bt/esp_ble_audio/lib/lib (8af2910)
 f6c62bfa32759da7c44459bd6b40079cce93c94b components/bt/esp_ble_mesh/lib/lib (f6c62bf)
 139cada0ae932957fa06ba37d17e3c9c2c95c773 components/bt/host/nimble/nimble (139cada)
 eeecc49ce8af123cf8ad40efdb9673e37b56230f components/cmock/CMock (eeecc49)
 71b47be7c950f1bf5f7e5303779fa99a16224bb6 components/cmock/CMock/vendor/c_exception (71b47be)
 cf949f45ca6d172a177b00da21310607b97bc7a7 components/cmock/CMock/vendor/unity (cf949f4)
 ddc56fa524a38df3098d2f36475fbe3eefe9b4f4 components/esp_coex/lib (ddc56fa)
 5695f4f38108658bc4a33e4712c1ebcb34911434 components/esp_phy/lib (5695f4f)
 7cd4d7b2b4acc38aead43b029ac9409c3eba9c54 components/esp_wifi/lib (7cd4d7b)
 2867f6883a12920b1969ff9624c0ab0e4185c2ce components/heap/tlsf (2867f68)
 c6f2f878e7b0f86033214b85547d579be43351e3 components/lwip/lwip (c6f2f87)
 a2b32072ea898afc1ed5b6caf6931e36028c91d6 components/mbedtls/mbedtls (a2b3207)
 4dd715391cfb2cf4d06825a17294514024e4dc12 components/openthread/lib (4dd7153)
 b678a4f63b6f9397d1a0fa8f31e5b8e0271a4d00 components/openthread/openthread (b678a4f)
 e185d7fd85499c8ce5ca2a54f5cf8fe7dbe3f8df components/openthread/openthread/third_party/mbedtls/repo (e185d7f)
 457996474728cb8e968ed21953b72f74d2f536b2 components/openthread/openthread/third_party/mbedtls/repo/framework (4579964)
 abc67a11c6db271bedbb9f58be85d6f4e2ea8389 components/protobuf-c/protobuf-c (abc67a1)
 ad902cadceb39d0825a97e25ecb5867641f606ba components/spiffs/spiffs (ad902ca)
 bf560290f6020737eafaa8b5cbd2177c3956c03f components/unity/unity (bf56029)
